
Microsoft Visual Studio Solution File, Format Version 12.00
# Visual Studio Version 17
VisualStudioVersion = 17.14.36717.8 d17.14
MinimumVisualStudioVersion = 10.0.40219.1
Project("{FAE04EC0-301F-11D3-BF4B-00C04F79EFBC}") = "NoMap", "NoMap\NoMap.csproj", "{BD1BA010-101F-494B-8F0C-E65376ECF844}"
EndProject
Project("{FAE04EC0-301F-11D3-BF4B-00C04F79EFBC}") = "CakeBuild", "ZZCakeBuild\CakeBuild.csproj", "{DDE9B193-C722-44C1-B1FC-47DD3963C8B0}"
EndProject
Global
	GlobalSection(SolutionConfigurationPlatforms) = preSolution
		Debug|Any CPU = Debug|Any CPU
		Release|Any CPU = Release|Any CPU
	EndGlobalSection
	GlobalSection(ProjectConfigurationPlatforms) = postSolution
		{BD1BA010-101F-494B-8F0C-E65376ECF844}.Debug|Any CPU.ActiveCfg = Debug|Any CPU
		{BD1BA010-101F-494B-8F0C-E65376ECF844}.Debug|Any CPU.Build.0 = Debug|Any CPU
		{BD1BA010-101F-494B-8F0C-E65376ECF844}.Release|Any CPU.ActiveCfg = Release|Any CPU
		{BD1BA010-101F-494B-8F0C-E65376ECF844}.Release|Any CPU.Build.0 = Release|Any CPU
		{DDE9B193-C722-44C1-B1FC-47DD3963C8B0}.Debug|Any CPU.ActiveCfg = Debug|Any CPU
		{DDE9B193-C722-44C1-B1FC-47DD3963C8B0}.Debug|Any CPU.Build.0 = Debug|Any CPU
		{DDE9B193-C722-44C1-B1FC-47DD3963C8B0}.Release|Any CPU.ActiveCfg = Release|Any CPU
		{DDE9B193-C722-44C1-B1FC-47DD3963C8B0}.Release|Any CPU.Build.0 = Release|Any CPU
	EndGlobalSection
	GlobalSection(SolutionProperties) = preSolution
		HideSolutionNode = FALSE
	EndGlobalSection
	GlobalSection(ExtensibilityGlobals) = postSolution
		SolutionGuid = {20D5AB42-3B75-4525-B82F-6644C034B3A9}
	EndGlobalSection
EndGlobal
